Microsoft Visual Studio Solution File, Format Version 12.00
# Visual Studio Version 17
VisualStudioVersion = 17.5.2.0
MinimumVisualStudioVersion = 10.0.40219.1
Project("{2150E333-8FDC-42A3-9474-1A3956D46DE8}") = "game_cs", "game_cs", "{7F3F1C7E-6D95-5DCE-C43F-2715EC024F06}"
EndProject
Project("{FAE04EC0-301F-11D3-BF4B-00C04F79EFBC}") = "NeonTyrant", "game_cs\NeonTyrant.csproj", "{2F7BB183-5A9F-4B1F-0330-285990D8200A}"
EndProject
Global
	GlobalSection(SolutionConfigurationPlatforms) = preSolution
		Debug|Any CPU = Debug|Any CPU
		Release|Any CPU = Release|Any CPU
	EndGlobalSection
	GlobalSection(ProjectConfigurationPlatforms) = postSolution
		{2F7BB183-5A9F-4B1F-0330-285990D8200A}.Debug|Any CPU.ActiveCfg = Debug|Any CPU
		{2F7BB183-5A9F-4B1F-0330-285990D8200A}.Debug|Any CPU.Build.0 = Debug|Any CPU
		{2F7BB183-5A9F-4B1F-0330-285990D8200A}.Release|Any CPU.ActiveCfg = Release|Any CPU
		{2F7BB183-5A9F-4B1F-0330-285990D8200A}.Release|Any CPU.Build.0 = Release|Any CPU
	EndGlobalSection
	GlobalSection(SolutionProperties) = preSolution
		HideSolutionNode = FALSE
	EndGlobalSection
	GlobalSection(NestedProjects) = preSolution
		{2F7BB183-5A9F-4B1F-0330-285990D8200A} = {7F3F1C7E-6D95-5DCE-C43F-2715EC024F06}
	EndGlobalSection
	GlobalSection(ExtensibilityGlobals) = postSolution
		SolutionGuid = {4A3039B6-5FBC-4767-8CB4-D9870190DD09}
	EndGlobalSection
EndGlobal
